
Microsoft Visual Studio Solution File, Format Version 12.00
# Visual Studio 15
VisualStudioVersion = 15.0.28307.102
MinimumVisualStudioVersion = 10.0.40219.1
Project("{9A19103F-16F7-4668-BE54-9A1E7A4F7556}") = "BankAccount.Tests", "BankAccount.Tests.csproj", "{144B505D-4BB6-403F-9D86-695D75A08696}"
EndProject
Global
	GlobalSection(SolutionConfigurationPlatforms) = preSolution
		Debug|Any CPU = Debug|Any CPU
		Release|Any CPU = Release|Any CPU
	EndGlobalSection
	GlobalSection(ProjectConfigurationPlatforms) = postSolution
		{144B505D-4BB6-403F-9D86-695D75A08696}.Debug|Any CPU.ActiveCfg = Debug|Any CPU
		{144B505D-4BB6-403F-9D86-695D75A08696}.Debug|Any CPU.Build.0 = Debug|Any CPU
		{144B505D-4BB6-403F-9D86-695D75A08696}.Release|Any CPU.ActiveCfg = Release|Any CPU
		{144B505D-4BB6-403F-9D86-695D75A08696}.Release|Any CPU.Build.0 = Release|Any CPU
	EndGlobalSection
	GlobalSection(SolutionProperties) = preSolution
		HideSolutionNode = FALSE
	EndGlobalSection
	GlobalSection(ExtensibilityGlobals) = postSolution
		SolutionGuid = {CE64498E-FAB1-4E4C-A88F-4852F5441C4D}
	EndGlobalSection
EndGlobal
