
Microsoft Visual Studio Solution File, Format Version 12.00
# Visual Studio 15
VisualStudioVersion = 15.0.28307.102
MinimumVisualStudioVersion = 10.0.40219.1
Project("{FAE04EC0-301F-11D3-BF4B-00C04F79EFBC}") = "01.USDToBGN", "01.USDToBGN\01.USDToBGN.csproj", "{AC27F839-0D2C-4C02-9510-873C3E2850B0}"
EndProject
Project("{FAE04EC0-301F-11D3-BF4B-00C04F79EFBC}") = "02.RadiansToDegrees", "02.RadiansToDegrees\02.RadiansToDegrees.csproj", "{E0CF50F0-2CD8-4AC3-A6E7-3BE86642FD00}"
EndProject
Project("{FAE04EC0-301F-11D3-BF4B-00C04F79EFBC}") = "03.2DRectangleArea", "03.2DRectangleArea\03.2DRectangleArea.csproj", "{DA9F76F8-64B7-41C6-B23F-68C3A3D59131}"
EndProject
Global
	GlobalSection(SolutionConfigurationPlatforms) = preSolution
		Debug|Any CPU = Debug|Any CPU
		Release|Any CPU = Release|Any CPU
	EndGlobalSection
	GlobalSection(ProjectConfigurationPlatforms) = postSolution
		{AC27F839-0D2C-4C02-9510-873C3E2850B0}.Debug|Any CPU.ActiveCfg = Debug|Any CPU
		{AC27F839-0D2C-4C02-9510-873C3E2850B0}.Debug|Any CPU.Build.0 = Debug|Any CPU
		{AC27F839-0D2C-4C02-9510-873C3E2850B0}.Release|Any CPU.ActiveCfg = Release|Any CPU
		{AC27F839-0D2C-4C02-9510-873C3E2850B0}.Release|Any CPU.Build.0 = Release|Any CPU
		{E0CF50F0-2CD8-4AC3-A6E7-3BE86642FD00}.Debug|Any CPU.ActiveCfg = Debug|Any CPU
		{E0CF50F0-2CD8-4AC3-A6E7-3BE86642FD00}.Debug|Any CPU.Build.0 = Debug|Any CPU
		{E0CF50F0-2CD8-4AC3-A6E7-3BE86642FD00}.Release|Any CPU.ActiveCfg = Release|Any CPU
		{E0CF50F0-2CD8-4AC3-A6E7-3BE86642FD00}.Release|Any CPU.Build.0 = Release|Any CPU
		{DA9F76F8-64B7-41C6-B23F-68C3A3D59131}.Debug|Any CPU.ActiveCfg = Debug|Any CPU
		{DA9F76F8-64B7-41C6-B23F-68C3A3D59131}.Debug|Any CPU.Build.0 = Debug|Any CPU
		{DA9F76F8-64B7-41C6-B23F-68C3A3D59131}.Release|Any CPU.ActiveCfg = Release|Any CPU
		{DA9F76F8-64B7-41C6-B23F-68C3A3D59131}.Release|Any CPU.Build.0 = Release|Any CPU
	EndGlobalSection
	GlobalSection(SolutionProperties) = preSolution
		HideSolutionNode = FALSE
	EndGlobalSection
	GlobalSection(ExtensibilityGlobals) = postSolution
		SolutionGuid = {F7D84E3D-9ABC-49F3-A2BA-9246D510B8A6}
	EndGlobalSection
EndGlobal
