
Microsoft Visual Studio Solution File, Format Version 12.00
# Visual Studio 15
VisualStudioVersion = 15.0.28010.2050
MinimumVisualStudioVersion = 10.0.40219.1
Project("{FAE04EC0-301F-11D3-BF4B-00C04F79EFBC}") = "TestProject", "TestProject\TestProject.csproj", "{32123D02-5C27-4E9E-A178-CD54AD5BF775}"
EndProject
Global
	GlobalSection(SolutionConfigurationPlatforms) = preSolution
		Debug|Any CPU = Debug|Any CPU
		Release|Any CPU = Release|Any CPU
	EndGlobalSection
	GlobalSection(ProjectConfigurationPlatforms) = postSolution
		{32123D02-5C27-4E9E-A178-CD54AD5BF775}.Debug|Any CPU.ActiveCfg = Debug|Any CPU
		{32123D02-5C27-4E9E-A178-CD54AD5BF775}.Debug|Any CPU.Build.0 = Debug|Any CPU
		{32123D02-5C27-4E9E-A178-CD54AD5BF775}.Release|Any CPU.ActiveCfg = Release|Any CPU
		{32123D02-5C27-4E9E-A178-CD54AD5BF775}.Release|Any CPU.Build.0 = Release|Any CPU
	EndGlobalSection
	GlobalSection(SolutionProperties) = preSolution
		HideSolutionNode = FALSE
	EndGlobalSection
	GlobalSection(ExtensibilityGlobals) = postSolution
		SolutionGuid = {A3E7DCE1-CB5D-4A6A-B9DB-CD824E7B37F6}
	EndGlobalSection
EndGlobal
