
Microsoft Visual Studio Solution File, Format Version 12.00
# Visual Studio 15
VisualStudioVersion = 15.0.28307.102
MinimumVisualStudioVersion = 10.0.40219.1
Project("{FAE04EC0-301F-11D3-BF4B-00C04F79EFBC}") = "01.IPerson", "01.IPerson\01.IPerson.csproj", "{D0F55C77-DECB-4F05-A3B5-1CF2BF732430}"
EndProject
Project("{FAE04EC0-301F-11D3-BF4B-00C04F79EFBC}") = "03.Ferrari", "03.Ferrari\03.Ferrari.csproj", "{B62266C6-F5C9-4991-BBBF-769168EACD33}"
EndProject
Global
	GlobalSection(SolutionConfigurationPlatforms) = preSolution
		Debug|Any CPU = Debug|Any CPU
		Release|Any CPU = Release|Any CPU
	EndGlobalSection
	GlobalSection(ProjectConfigurationPlatforms) = postSolution
		{D0F55C77-DECB-4F05-A3B5-1CF2BF732430}.Debug|Any CPU.ActiveCfg = Debug|Any CPU
		{D0F55C77-DECB-4F05-A3B5-1CF2BF732430}.Debug|Any CPU.Build.0 = Debug|Any CPU
		{D0F55C77-DECB-4F05-A3B5-1CF2BF732430}.Release|Any CPU.ActiveCfg = Release|Any CPU
		{D0F55C77-DECB-4F05-A3B5-1CF2BF732430}.Release|Any CPU.Build.0 = Release|Any CPU
		{B62266C6-F5C9-4991-BBBF-769168EACD33}.Debug|Any CPU.ActiveCfg = Debug|Any CPU
		{B62266C6-F5C9-4991-BBBF-769168EACD33}.Debug|Any CPU.Build.0 = Debug|Any CPU
		{B62266C6-F5C9-4991-BBBF-769168EACD33}.Release|Any CPU.ActiveCfg = Release|Any CPU
		{B62266C6-F5C9-4991-BBBF-769168EACD33}.Release|Any CPU.Build.0 = Release|Any CPU
	EndGlobalSection
	GlobalSection(SolutionProperties) = preSolution
		HideSolutionNode = FALSE
	EndGlobalSection
	GlobalSection(ExtensibilityGlobals) = postSolution
		SolutionGuid = {AE465EE9-0178-4E09-858C-28C5CA7FC5DD}
	EndGlobalSection
EndGlobal
