
Microsoft Visual Studio Solution File, Format Version 12.00
# Visual Studio 15
VisualStudioVersion = 15.0.28307.102
MinimumVisualStudioVersion = 10.0.40219.1
Project("{9A19103F-16F7-4668-BE54-9A1E7A4F7556}") = "DatabaseProblem", "Database\DatabaseProblem.csproj", "{6032580B-1C26-4592-B7C8-4953BA2E45F5}"
EndProject
Project("{FAE04EC0-301F-11D3-BF4B-00C04F79EFBC}") = "DatabaseProblemTests", "DatabaseProblemTests\DatabaseProblemTests.csproj", "{7CE77E8E-C6FD-463B-AA17-2F6009D29ADF}"
EndProject
Global
	GlobalSection(SolutionConfigurationPlatforms) = preSolution
		Debug|Any CPU = Debug|Any CPU
		Release|Any CPU = Release|Any CPU
	EndGlobalSection
	GlobalSection(ProjectConfigurationPlatforms) = postSolution
		{6032580B-1C26-4592-B7C8-4953BA2E45F5}.Debug|Any CPU.ActiveCfg = Debug|Any CPU
		{6032580B-1C26-4592-B7C8-4953BA2E45F5}.Debug|Any CPU.Build.0 = Debug|Any CPU
		{6032580B-1C26-4592-B7C8-4953BA2E45F5}.Release|Any CPU.ActiveCfg = Release|Any CPU
		{6032580B-1C26-4592-B7C8-4953BA2E45F5}.Release|Any CPU.Build.0 = Release|Any CPU
		{7CE77E8E-C6FD-463B-AA17-2F6009D29ADF}.Debug|Any CPU.ActiveCfg = Debug|Any CPU
		{7CE77E8E-C6FD-463B-AA17-2F6009D29ADF}.Debug|Any CPU.Build.0 = Debug|Any CPU
		{7CE77E8E-C6FD-463B-AA17-2F6009D29ADF}.Release|Any CPU.ActiveCfg = Release|Any CPU
		{7CE77E8E-C6FD-463B-AA17-2F6009D29ADF}.Release|Any CPU.Build.0 = Release|Any CPU
	EndGlobalSection
	GlobalSection(SolutionProperties) = preSolution
		HideSolutionNode = FALSE
	EndGlobalSection
	GlobalSection(ExtensibilityGlobals) = postSolution
		SolutionGuid = {FD306FC1-628D-49EE-9D20-CAC5008175AA}
	EndGlobalSection
EndGlobal
