
Microsoft Visual Studio Solution File, Format Version 12.00
# Visual Studio 15
VisualStudioVersion = 15.0.27703.2026
MinimumVisualStudioVersion = 10.0.40219.1
Project("{FAE04EC0-301F-11D3-BF4B-00C04F79EFBC}") = "01.Excellent-Result", "Excellent-Result\01.Excellent-Result.csproj", "{44DF5037-FD17-440E-A533-3632B3660155}"
EndProject
Project("{FAE04EC0-301F-11D3-BF4B-00C04F79EFBC}") = "02.EvenOrOdd", "02.EvenOrOdd\02.EvenOrOdd.csproj", "{79EF3D58-BFC4-4C5F-8CA2-85CBBFF35051}"
EndProject
Project("{FAE04EC0-301F-11D3-BF4B-00C04F79EFBC}") = "03.GreaterNumber", "03.GreaterNumber\03.GreaterNumber.csproj", "{C22F43E5-C811-4BFA-9EB7-85A0B5B41A1C}"
EndProject
Project("{FAE04EC0-301F-11D3-BF4B-00C04F79EFBC}") = "04.NumsTo10ToText", "04.NumsTo10ToText\04.NumsTo10ToText.csproj", "{677DBA1F-7DFB-490E-B2EE-FA8A3E27F8C2}"
EndProject
Project("{FAE04EC0-301F-11D3-BF4B-00C04F79EFBC}") = "05.BonusScore", "05.BonusScore\05.BonusScore.csproj", "{0C7DCF32-043B-4542-9493-338447040D86}"
EndProject
Project("{FAE04EC0-301F-11D3-BF4B-00C04F79EFBC}") = "301.One", "300.One\301.One.csproj", "{DFB81136-FFF9-4CA7-B586-76E9F32A7D20}"
EndProject
Project("{FAE04EC0-301F-11D3-BF4B-00C04F79EFBC}") = "302.Two", "302.Two\302.Two.csproj", "{3F75197A-9D2B-4FEB-9623-1AC615C84D6E}"
EndProject
Project("{FAE04EC0-301F-11D3-BF4B-00C04F79EFBC}") = "303.Three", "303.Three\303.Three.csproj", "{17DD226C-D087-4A5D-A78C-71E3DA64A291}"
EndProject
Project("{FAE04EC0-301F-11D3-BF4B-00C04F79EFBC}") = "304.Four", "304.Four\304.Four.csproj", "{D24DDFEB-074D-473B-8B3D-FC77FA8CBA0D}"
EndProject
Project("{FAE04EC0-301F-11D3-BF4B-00C04F79EFBC}") = "305.Five", "305.Five\305.Five.csproj", "{D468C17C-92C8-489C-81C2-1ADCBCF6C73E}"
EndProject
Project("{FAE04EC0-301F-11D3-BF4B-00C04F79EFBC}") = "06.SumSeconds", "306.Six\06.SumSeconds.csproj", "{ED93F3BB-E74D-4DA0-9EB4-A32786A20DA1}"
EndProject
Project("{FAE04EC0-301F-11D3-BF4B-00C04F79EFBC}") = "306.1.Six.One", "306.1.Six.One\306.1.Six.One.csproj", "{953DBF68-FB60-46DE-8503-0848FF143F4B}"
EndProject
Project("{FAE04EC0-301F-11D3-BF4B-00C04F79EFBC}") = "08.PasswordGuess", "307.Seven\08.PasswordGuess.csproj", "{601CC9B0-255B-4718-AB90-57F9E2E5456B}"
EndProject
Project("{FAE04EC0-301F-11D3-BF4B-00C04F79EFBC}") = "308.CalorieCalculatorExam", "308.CalorieCalculator\308.CalorieCalculatorExam.csproj", "{7A2A1236-41AC-460B-8B12-22371298AE8D}"
EndProject
Project("{FAE04EC0-301F-11D3-BF4B-00C04F79EFBC}") = "309.AnnualSalaryExam", "309.AnnualSalary\309.AnnualSalaryExam.csproj", "{3D186799-4C10-4329-A38D-AD9531A4EC41}"
EndProject
Project("{FAE04EC0-301F-11D3-BF4B-00C04F79EFBC}") = "310.ProgrammingBookExam", "310.ProgrammingBookExam\310.ProgrammingBookExam.csproj", "{E3C064A5-32A6-41E1-8218-3FADA167BF1C}"
EndProject
Project("{FAE04EC0-301F-11D3-BF4B-00C04F79EFBC}") = "07.MetricConverter", "07.MetricConverter\07.MetricConverter.csproj", "{F91862D6-E3C8-4C60-9C63-FB3ACC44E1E0}"
EndProject
Project("{FAE04EC0-301F-11D3-BF4B-00C04F79EFBC}") = "401.GreaterNumber", "401.GreaterNumber\401.GreaterNumber.csproj", "{43377536-2230-4DB0-83D4-F19BF6447CF6}"
EndProject
Project("{FAE04EC0-301F-11D3-BF4B-00C04F79EFBC}") = "402.OneToTen", "402.OneToTen\402.OneToTen.csproj", "{AF1BD5D5-A6A3-4FCE-A61D-84309D221E6F}"
EndProject
Project("{FAE04EC0-301F-11D3-BF4B-00C04F79EFBC}") = "403.BonusPoints", "403.BonusPoints\403.BonusPoints.csproj", "{EB344317-49CF-483B-B5D6-14FB67B3A033}"
EndProject
Project("{FAE04EC0-301F-11D3-BF4B-00C04F79EFBC}") = "09.Num100To200", "406.Num100To200\09.Num100To200.csproj", "{AD4A38D4-7D6B-478C-A887-2FD0A891D139}"
EndProject
Project("{FAE04EC0-301F-11D3-BF4B-00C04F79EFBC}") = "404.SumSeconds", "404.SumSeconds\404.SumSeconds.csproj", "{C124E218-FC69-438B-A5F8-9BD4469AD0E7}"
EndProject
Project("{FAE04EC0-301F-11D3-BF4B-00C04F79EFBC}") = "405.UnitsConvertor", "405.UnitsConvertor\405.UnitsConvertor.csproj", "{CE4B265C-8F80-4215-B5B5-B03B9A012BC4}"
EndProject
Project("{FAE04EC0-301F-11D3-BF4B-00C04F79EFBC}") = "10.EqualWords", "406.EqualWords\10.EqualWords.csproj", "{7553CE17-5EA3-4D2C-B2A5-DE33D708950C}"
EndProject
Project("{FAE04EC0-301F-11D3-BF4B-00C04F79EFBC}") = "11.SpeedInfo", "411.SpeedInfo\11.SpeedInfo.csproj", "{63FE010C-0B15-4628-A661-B08045AA9FE4}"
EndProject
Project("{FAE04EC0-301F-11D3-BF4B-00C04F79EFBC}") = "12.AreaOfFigures", "12.AreaOfFigures\12.AreaOfFigures.csproj", "{2595DCB0-8489-43C0-B191-9FC573BDD948}"
EndProject
Project("{FAE04EC0-301F-11D3-BF4B-00C04F79EFBC}") = "13.TimePlus15Minutes", "13.TimePlus15Minutes\13.TimePlus15Minutes.csproj", "{FC9FE45C-157F-4582-AE4E-2A9E09494863}"
EndProject
Project("{FAE04EC0-301F-11D3-BF4B-00C04F79EFBC}") = "15.3EqualNumbers", "15.3EqualNumbers\15.3EqualNumbers.csproj", "{E2F76398-B32D-40C5-9C91-AFB16BDAD9DE}"
EndProject
Project("{FAE04EC0-301F-11D3-BF4B-00C04F79EFBC}") = "50.Exam1415April2018ANDProcessor", "50.Exam1415April2018ANDProcessor\50.Exam1415April2018ANDProcessor.csproj", "{E10E7967-9503-4858-8171-589098E7A535}"
EndProject
Project("{FAE04EC0-301F-11D3-BF4B-00C04F79EFBC}") = "51.Exam7JanuaryAirplane", "51.Exam7JanuaryAirplane\51.Exam7JanuaryAirplane.csproj", "{3FA9A354-F57E-4988-A995-7A23C07147E4}"
EndProject
Project("{FAE04EC0-301F-11D3-BF4B-00C04F79EFBC}") = "AirplaneExamReady", "AirplaneExamReady\AirplaneExamReady.csproj", "{5DC99487-E093-4C1E-BC52-3242DABEC657}"
EndProject
Project("{FAE04EC0-301F-11D3-BF4B-00C04F79EFBC}") = "60.NewHope", "60.NewHope\60.NewHope.csproj", "{B1BACF80-83E2-4ECE-B6BF-D31D6F350A6B}"
EndProject
Project("{FAE04EC0-301F-11D3-BF4B-00C04F79EFBC}") = "SandboxExam", "SandboxExam\SandboxExam.csproj", "{E3789F1A-4CEC-4926-9046-5B6CC4D963D5}"
EndProject
Global
	GlobalSection(SolutionConfigurationPlatforms) = preSolution
		Debug|Any CPU = Debug|Any CPU
		Release|Any CPU = Release|Any CPU
	EndGlobalSection
	GlobalSection(ProjectConfigurationPlatforms) = postSolution
		{44DF5037-FD17-440E-A533-3632B3660155}.Debug|Any CPU.ActiveCfg = Debug|Any CPU
		{44DF5037-FD17-440E-A533-3632B3660155}.Debug|Any CPU.Build.0 = Debug|Any CPU
		{44DF5037-FD17-440E-A533-3632B3660155}.Release|Any CPU.ActiveCfg = Release|Any CPU
		{44DF5037-FD17-440E-A533-3632B3660155}.Release|Any CPU.Build.0 = Release|Any CPU
		{79EF3D58-BFC4-4C5F-8CA2-85CBBFF35051}.Debug|Any CPU.ActiveCfg = Debug|Any CPU
		{79EF3D58-BFC4-4C5F-8CA2-85CBBFF35051}.Debug|Any CPU.Build.0 = Debug|Any CPU
		{79EF3D58-BFC4-4C5F-8CA2-85CBBFF35051}.Release|Any CPU.ActiveCfg = Release|Any CPU
		{79EF3D58-BFC4-4C5F-8CA2-85CBBFF35051}.Release|Any CPU.Build.0 = Release|Any CPU
		{C22F43E5-C811-4BFA-9EB7-85A0B5B41A1C}.Debug|Any CPU.ActiveCfg = Debug|Any CPU
		{C22F43E5-C811-4BFA-9EB7-85A0B5B41A1C}.Debug|Any CPU.Build.0 = Debug|Any CPU
		{C22F43E5-C811-4BFA-9EB7-85A0B5B41A1C}.Release|Any CPU.ActiveCfg = Release|Any CPU
		{C22F43E5-C811-4BFA-9EB7-85A0B5B41A1C}.Release|Any CPU.Build.0 = Release|Any CPU
		{677DBA1F-7DFB-490E-B2EE-FA8A3E27F8C2}.Debug|Any CPU.ActiveCfg = Debug|Any CPU
		{677DBA1F-7DFB-490E-B2EE-FA8A3E27F8C2}.Debug|Any CPU.Build.0 = Debug|Any CPU
		{677DBA1F-7DFB-490E-B2EE-FA8A3E27F8C2}.Release|Any CPU.ActiveCfg = Release|Any CPU
		{677DBA1F-7DFB-490E-B2EE-FA8A3E27F8C2}.Release|Any CPU.Build.0 = Release|Any CPU
		{0C7DCF32-043B-4542-9493-338447040D86}.Debug|Any CPU.ActiveCfg = Debug|Any CPU
		{0C7DCF32-043B-4542-9493-338447040D86}.Debug|Any CPU.Build.0 = Debug|Any CPU
		{0C7DCF32-043B-4542-9493-338447040D86}.Release|Any CPU.ActiveCfg = Release|Any CPU
		{0C7DCF32-043B-4542-9493-338447040D86}.Release|Any CPU.Build.0 = Release|Any CPU
		{DFB81136-FFF9-4CA7-B586-76E9F32A7D20}.Debug|Any CPU.ActiveCfg = Debug|Any CPU
		{DFB81136-FFF9-4CA7-B586-76E9F32A7D20}.Debug|Any CPU.Build.0 = Debug|Any CPU
		{DFB81136-FFF9-4CA7-B586-76E9F32A7D20}.Release|Any CPU.ActiveCfg = Release|Any CPU
		{DFB81136-FFF9-4CA7-B586-76E9F32A7D20}.Release|Any CPU.Build.0 = Release|Any CPU
		{3F75197A-9D2B-4FEB-9623-1AC615C84D6E}.Debug|Any CPU.ActiveCfg = Debug|Any CPU
		{3F75197A-9D2B-4FEB-9623-1AC615C84D6E}.Debug|Any CPU.Build.0 = Debug|Any CPU
		{3F75197A-9D2B-4FEB-9623-1AC615C84D6E}.Release|Any CPU.ActiveCfg = Release|Any CPU
		{3F75197A-9D2B-4FEB-9623-1AC615C84D6E}.Release|Any CPU.Build.0 = Release|Any CPU
		{17DD226C-D087-4A5D-A78C-71E3DA64A291}.Debug|Any CPU.ActiveCfg = Debug|Any CPU
		{17DD226C-D087-4A5D-A78C-71E3DA64A291}.Debug|Any CPU.Build.0 = Debug|Any CPU
		{17DD226C-D087-4A5D-A78C-71E3DA64A291}.Release|Any CPU.ActiveCfg = Release|Any CPU
		{17DD226C-D087-4A5D-A78C-71E3DA64A291}.Release|Any CPU.Build.0 = Release|Any CPU
		{D24DDFEB-074D-473B-8B3D-FC77FA8CBA0D}.Debug|Any CPU.ActiveCfg = Debug|Any CPU
		{D24DDFEB-074D-473B-8B3D-FC77FA8CBA0D}.Debug|Any CPU.Build.0 = Debug|Any CPU
		{D24DDFEB-074D-473B-8B3D-FC77FA8CBA0D}.Release|Any CPU.ActiveCfg = Release|Any CPU
		{D24DDFEB-074D-473B-8B3D-FC77FA8CBA0D}.Release|Any CPU.Build.0 = Release|Any CPU
		{D468C17C-92C8-489C-81C2-1ADCBCF6C73E}.Debug|Any CPU.ActiveCfg = Debug|Any CPU
		{D468C17C-92C8-489C-81C2-1ADCBCF6C73E}.Debug|Any CPU.Build.0 = Debug|Any CPU
		{D468C17C-92C8-489C-81C2-1ADCBCF6C73E}.Release|Any CPU.ActiveCfg = Release|Any CPU
		{D468C17C-92C8-489C-81C2-1ADCBCF6C73E}.Release|Any CPU.Build.0 = Release|Any CPU
		{ED93F3BB-E74D-4DA0-9EB4-A32786A20DA1}.Debug|Any CPU.ActiveCfg = Debug|Any CPU
		{ED93F3BB-E74D-4DA0-9EB4-A32786A20DA1}.Debug|Any CPU.Build.0 = Debug|Any CPU
		{ED93F3BB-E74D-4DA0-9EB4-A32786A20DA1}.Release|Any CPU.ActiveCfg = Release|Any CPU
		{ED93F3BB-E74D-4DA0-9EB4-A32786A20DA1}.Release|Any CPU.Build.0 = Release|Any CPU
		{953DBF68-FB60-46DE-8503-0848FF143F4B}.Debug|Any CPU.ActiveCfg = Debug|Any CPU
		{953DBF68-FB60-46DE-8503-0848FF143F4B}.Debug|Any CPU.Build.0 = Debug|Any CPU
		{953DBF68-FB60-46DE-8503-0848FF143F4B}.Release|Any CPU.ActiveCfg = Release|Any CPU
		{953DBF68-FB60-46DE-8503-0848FF143F4B}.Release|Any CPU.Build.0 = Release|Any CPU
		{601CC9B0-255B-4718-AB90-57F9E2E5456B}.Debug|Any CPU.ActiveCfg = Debug|Any CPU
		{601CC9B0-255B-4718-AB90-57F9E2E5456B}.Debug|Any CPU.Build.0 = Debug|Any CPU
		{601CC9B0-255B-4718-AB90-57F9E2E5456B}.Release|Any CPU.ActiveCfg = Release|Any CPU
		{601CC9B0-255B-4718-AB90-57F9E2E5456B}.Release|Any CPU.Build.0 = Release|Any CPU
		{7A2A1236-41AC-460B-8B12-22371298AE8D}.Debug|Any CPU.ActiveCfg = Debug|Any CPU
		{7A2A1236-41AC-460B-8B12-22371298AE8D}.Debug|Any CPU.Build.0 = Debug|Any CPU
		{7A2A1236-41AC-460B-8B12-22371298AE8D}.Release|Any CPU.ActiveCfg = Release|Any CPU
		{7A2A1236-41AC-460B-8B12-22371298AE8D}.Release|Any CPU.Build.0 = Release|Any CPU
		{3D186799-4C10-4329-A38D-AD9531A4EC41}.Debug|Any CPU.ActiveCfg = Debug|Any CPU
		{3D186799-4C10-4329-A38D-AD9531A4EC41}.Debug|Any CPU.Build.0 = Debug|Any CPU
		{3D186799-4C10-4329-A38D-AD9531A4EC41}.Release|Any CPU.ActiveCfg = Release|Any CPU
		{3D186799-4C10-4329-A38D-AD9531A4EC41}.Release|Any CPU.Build.0 = Release|Any CPU
		{E3C064A5-32A6-41E1-8218-3FADA167BF1C}.Debug|Any CPU.ActiveCfg = Debug|Any CPU
		{E3C064A5-32A6-41E1-8218-3FADA167BF1C}.Debug|Any CPU.Build.0 = Debug|Any CPU
		{E3C064A5-32A6-41E1-8218-3FADA167BF1C}.Release|Any CPU.ActiveCfg = Release|Any CPU
		{E3C064A5-32A6-41E1-8218-3FADA167BF1C}.Release|Any CPU.Build.0 = Release|Any CPU
		{F91862D6-E3C8-4C60-9C63-FB3ACC44E1E0}.Debug|Any CPU.ActiveCfg = Debug|Any CPU
		{F91862D6-E3C8-4C60-9C63-FB3ACC44E1E0}.Debug|Any CPU.Build.0 = Debug|Any CPU
		{F91862D6-E3C8-4C60-9C63-FB3ACC44E1E0}.Release|Any CPU.ActiveCfg = Release|Any CPU
		{F91862D6-E3C8-4C60-9C63-FB3ACC44E1E0}.Release|Any CPU.Build.0 = Release|Any CPU
		{43377536-2230-4DB0-83D4-F19BF6447CF6}.Debug|Any CPU.ActiveCfg = Debug|Any CPU
		{43377536-2230-4DB0-83D4-F19BF6447CF6}.Debug|Any CPU.Build.0 = Debug|Any CPU
		{43377536-2230-4DB0-83D4-F19BF6447CF6}.Release|Any CPU.ActiveCfg = Release|Any CPU
		{43377536-2230-4DB0-83D4-F19BF6447CF6}.Release|Any CPU.Build.0 = Release|Any CPU
		{AF1BD5D5-A6A3-4FCE-A61D-84309D221E6F}.Debug|Any CPU.ActiveCfg = Debug|Any CPU
		{AF1BD5D5-A6A3-4FCE-A61D-84309D221E6F}.Debug|Any CPU.Build.0 = Debug|Any CPU
		{AF1BD5D5-A6A3-4FCE-A61D-84309D221E6F}.Release|Any CPU.ActiveCfg = Release|Any CPU
		{AF1BD5D5-A6A3-4FCE-A61D-84309D221E6F}.Release|Any CPU.Build.0 = Release|Any CPU
		{EB344317-49CF-483B-B5D6-14FB67B3A033}.Debug|Any CPU.ActiveCfg = Debug|Any CPU
		{EB344317-49CF-483B-B5D6-14FB67B3A033}.Debug|Any CPU.Build.0 = Debug|Any CPU
		{EB344317-49CF-483B-B5D6-14FB67B3A033}.Release|Any CPU.ActiveCfg = Release|Any CPU
		{EB344317-49CF-483B-B5D6-14FB67B3A033}.Release|Any CPU.Build.0 = Release|Any CPU
		{AD4A38D4-7D6B-478C-A887-2FD0A891D139}.Debug|Any CPU.ActiveCfg = Debug|Any CPU
		{AD4A38D4-7D6B-478C-A887-2FD0A891D139}.Debug|Any CPU.Build.0 = Debug|Any CPU
		{AD4A38D4-7D6B-478C-A887-2FD0A891D139}.Release|Any CPU.ActiveCfg = Release|Any CPU
		{AD4A38D4-7D6B-478C-A887-2FD0A891D139}.Release|Any CPU.Build.0 = Release|Any CPU
		{C124E218-FC69-438B-A5F8-9BD4469AD0E7}.Debug|Any CPU.ActiveCfg = Debug|Any CPU
		{C124E218-FC69-438B-A5F8-9BD4469AD0E7}.Debug|Any CPU.Build.0 = Debug|Any CPU
		{C124E218-FC69-438B-A5F8-9BD4469AD0E7}.Release|Any CPU.ActiveCfg = Release|Any CPU
		{C124E218-FC69-438B-A5F8-9BD4469AD0E7}.Release|Any CPU.Build.0 = Release|Any CPU
		{CE4B265C-8F80-4215-B5B5-B03B9A012BC4}.Debug|Any CPU.ActiveCfg = Debug|Any CPU
		{CE4B265C-8F80-4215-B5B5-B03B9A012BC4}.Debug|Any CPU.Build.0 = Debug|Any CPU
		{CE4B265C-8F80-4215-B5B5-B03B9A012BC4}.Release|Any CPU.ActiveCfg = Release|Any CPU
		{CE4B265C-8F80-4215-B5B5-B03B9A012BC4}.Release|Any CPU.Build.0 = Release|Any CPU
		{7553CE17-5EA3-4D2C-B2A5-DE33D708950C}.Debug|Any CPU.ActiveCfg = Debug|Any CPU
		{7553CE17-5EA3-4D2C-B2A5-DE33D708950C}.Debug|Any CPU.Build.0 = Debug|Any CPU
		{7553CE17-5EA3-4D2C-B2A5-DE33D708950C}.Release|Any CPU.ActiveCfg = Release|Any CPU
		{7553CE17-5EA3-4D2C-B2A5-DE33D708950C}.Release|Any CPU.Build.0 = Release|Any CPU
		{63FE010C-0B15-4628-A661-B08045AA9FE4}.Debug|Any CPU.ActiveCfg = Debug|Any CPU
		{63FE010C-0B15-4628-A661-B08045AA9FE4}.Debug|Any CPU.Build.0 = Debug|Any CPU
		{63FE010C-0B15-4628-A661-B08045AA9FE4}.Release|Any CPU.ActiveCfg = Release|Any CPU
		{63FE010C-0B15-4628-A661-B08045AA9FE4}.Release|Any CPU.Build.0 = Release|Any CPU
		{2595DCB0-8489-43C0-B191-9FC573BDD948}.Debug|Any CPU.ActiveCfg = Debug|Any CPU
		{2595DCB0-8489-43C0-B191-9FC573BDD948}.Debug|Any CPU.Build.0 = Debug|Any CPU
		{2595DCB0-8489-43C0-B191-9FC573BDD948}.Release|Any CPU.ActiveCfg = Release|Any CPU
		{2595DCB0-8489-43C0-B191-9FC573BDD948}.Release|Any CPU.Build.0 = Release|Any CPU
		{FC9FE45C-157F-4582-AE4E-2A9E09494863}.Debug|Any CPU.ActiveCfg = Debug|Any CPU
		{FC9FE45C-157F-4582-AE4E-2A9E09494863}.Debug|Any CPU.Build.0 = Debug|Any CPU
		{FC9FE45C-157F-4582-AE4E-2A9E09494863}.Release|Any CPU.ActiveCfg = Release|Any CPU
		{FC9FE45C-157F-4582-AE4E-2A9E09494863}.Release|Any CPU.Build.0 = Release|Any CPU
		{E2F76398-B32D-40C5-9C91-AFB16BDAD9DE}.Debug|Any CPU.ActiveCfg = Debug|Any CPU
		{E2F76398-B32D-40C5-9C91-AFB16BDAD9DE}.Debug|Any CPU.Build.0 = Debug|Any CPU
		{E2F76398-B32D-40C5-9C91-AFB16BDAD9DE}.Release|Any CPU.ActiveCfg = Release|Any CPU
		{E2F76398-B32D-40C5-9C91-AFB16BDAD9DE}.Release|Any CPU.Build.0 = Release|Any CPU
		{E10E7967-9503-4858-8171-589098E7A535}.Debug|Any CPU.ActiveCfg = Debug|Any CPU
		{E10E7967-9503-4858-8171-589098E7A535}.Debug|Any CPU.Build.0 = Debug|Any CPU
		{E10E7967-9503-4858-8171-589098E7A535}.Release|Any CPU.ActiveCfg = Release|Any CPU
		{E10E7967-9503-4858-8171-589098E7A535}.Release|Any CPU.Build.0 = Release|Any CPU
		{3FA9A354-F57E-4988-A995-7A23C07147E4}.Debug|Any CPU.ActiveCfg = Debug|Any CPU
		{3FA9A354-F57E-4988-A995-7A23C07147E4}.Debug|Any CPU.Build.0 = Debug|Any CPU
		{3FA9A354-F57E-4988-A995-7A23C07147E4}.Release|Any CPU.ActiveCfg = Release|Any CPU
		{3FA9A354-F57E-4988-A995-7A23C07147E4}.Release|Any CPU.Build.0 = Release|Any CPU
		{5DC99487-E093-4C1E-BC52-3242DABEC657}.Debug|Any CPU.ActiveCfg = Debug|Any CPU
		{5DC99487-E093-4C1E-BC52-3242DABEC657}.Debug|Any CPU.Build.0 = Debug|Any CPU
		{5DC99487-E093-4C1E-BC52-3242DABEC657}.Release|Any CPU.ActiveCfg = Release|Any CPU
		{5DC99487-E093-4C1E-BC52-3242DABEC657}.Release|Any CPU.Build.0 = Release|Any CPU
		{B1BACF80-83E2-4ECE-B6BF-D31D6F350A6B}.Debug|Any CPU.ActiveCfg = Debug|Any CPU
		{B1BACF80-83E2-4ECE-B6BF-D31D6F350A6B}.Debug|Any CPU.Build.0 = Debug|Any CPU
		{B1BACF80-83E2-4ECE-B6BF-D31D6F350A6B}.Release|Any CPU.ActiveCfg = Release|Any CPU
		{B1BACF80-83E2-4ECE-B6BF-D31D6F350A6B}.Release|Any CPU.Build.0 = Release|Any CPU
		{E3789F1A-4CEC-4926-9046-5B6CC4D963D5}.Debug|Any CPU.ActiveCfg = Debug|Any CPU
		{E3789F1A-4CEC-4926-9046-5B6CC4D963D5}.Debug|Any CPU.Build.0 = Debug|Any CPU
		{E3789F1A-4CEC-4926-9046-5B6CC4D963D5}.Release|Any CPU.ActiveCfg = Release|Any CPU
		{E3789F1A-4CEC-4926-9046-5B6CC4D963D5}.Release|Any CPU.Build.0 = Release|Any CPU
	EndGlobalSection
	GlobalSection(SolutionProperties) = preSolution
		HideSolutionNode = FALSE
	EndGlobalSection
	GlobalSection(ExtensibilityGlobals) = postSolution
		SolutionGuid = {5F7EC43A-77EE-4FD0-BE71-B9D3CD7D5304}
	EndGlobalSection
EndGlobal
