
Microsoft Visual Studio Solution File, Format Version 12.00
# Visual Studio 15
VisualStudioVersion = 15.0.28307.102
MinimumVisualStudioVersion = 10.0.40219.1
Project("{FAE04EC0-301F-11D3-BF4B-00C04F79EFBC}") = "01.EventImplementation", "01.EventImplementation\01.EventImplementation.csproj", "{9B7C94C4-2640-423C-92EF-416A2DC6A889}"
EndProject
Project("{FAE04EC0-301F-11D3-BF4B-00C04F79EFBC}") = "02.KingsGambit", "02.KingsGambit\02.KingsGambit.csproj", "{D4070664-27B5-4D0E-A5C6-D5325AD10B4D}"
EndProject
Global
	GlobalSection(SolutionConfigurationPlatforms) = preSolution
		Debug|Any CPU = Debug|Any CPU
		Release|Any CPU = Release|Any CPU
	EndGlobalSection
	GlobalSection(ProjectConfigurationPlatforms) = postSolution
		{9B7C94C4-2640-423C-92EF-416A2DC6A889}.Debug|Any CPU.ActiveCfg = Debug|Any CPU
		{9B7C94C4-2640-423C-92EF-416A2DC6A889}.Debug|Any CPU.Build.0 = Debug|Any CPU
		{9B7C94C4-2640-423C-92EF-416A2DC6A889}.Release|Any CPU.ActiveCfg = Release|Any CPU
		{9B7C94C4-2640-423C-92EF-416A2DC6A889}.Release|Any CPU.Build.0 = Release|Any CPU
		{D4070664-27B5-4D0E-A5C6-D5325AD10B4D}.Debug|Any CPU.ActiveCfg = Debug|Any CPU
		{D4070664-27B5-4D0E-A5C6-D5325AD10B4D}.Debug|Any CPU.Build.0 = Debug|Any CPU
		{D4070664-27B5-4D0E-A5C6-D5325AD10B4D}.Release|Any CPU.ActiveCfg = Release|Any CPU
		{D4070664-27B5-4D0E-A5C6-D5325AD10B4D}.Release|Any CPU.Build.0 = Release|Any CPU
	EndGlobalSection
	GlobalSection(SolutionProperties) = preSolution
		HideSolutionNode = FALSE
	EndGlobalSection
	GlobalSection(ExtensibilityGlobals) = postSolution
		SolutionGuid = {A7AC0660-E11B-44FD-AD18-537F90A4582B}
	EndGlobalSection
EndGlobal
